
Microsoft Visual Studio Solution File, Format Version 12.00
# Visual Studio 2012
Project("{FAE04EC0-301F-11D3-BF4B-00C04F79EFBC}") = "pds1", "pds1\pds1.csproj", "{4F1E8D2A-F890-4462-B76C-409B9CED0110}"
EndProject
Global
	GlobalSection(SolutionConfigurationPlatforms) = preSolution
		Debug|Any CPU = Debug|Any CPU
		Release|Any CPU = Release|Any CPU
	EndGlobalSection
	GlobalSection(ProjectConfigurationPlatforms) = postSolution
		{4F1E8D2A-F890-4462-B76C-409B9CED0110}.Debug|Any CPU.ActiveCfg = Debug|Any CPU
		{4F1E8D2A-F890-4462-B76C-409B9CED0110}.Debug|Any CPU.Build.0 = Debug|Any CPU
		{4F1E8D2A-F890-4462-B76C-409B9CED0110}.Release|Any CPU.ActiveCfg = Release|Any CPU
		{4F1E8D2A-F890-4462-B76C-409B9CED0110}.Release|Any CPU.Build.0 = Release|Any CPU
	EndGlobalSection
	GlobalSection(SolutionProperties) = preSolution
		HideSolutionNode = FALSE
	EndGlobalSection
	GlobalSection(ExtensibilityGlobals) = postSolution
		VisualSVNWorkingCopyRoot = .
	EndGlobalSection
EndGlobal
